
Microsoft Visual Studio Solution File, Format Version 12.00
# Visual Studio 15
VisualStudioVersion = 15.0.28307.271
MinimumVisualStudioVersion = 10.0.40219.1
Project("{FAE04EC0-301F-11D3-BF4B-00C04F79EFBC}") = "TeknikServis", "TeknikServis\TeknikServis.csproj", "{AD3C2158-5941-4C3D-B146-CC32E0DDB446}"
EndProject
Global
	GlobalSection(SolutionConfigurationPlatforms) = preSolution
		Debug|Any CPU = Debug|Any CPU
		Release|Any CPU = Release|Any CPU
	EndGlobalSection
	GlobalSection(ProjectConfigurationPlatforms) = postSolution
		{AD3C2158-5941-4C3D-B146-CC32E0DDB446}.Debug|Any CPU.ActiveCfg = Debug|Any CPU
		{AD3C2158-5941-4C3D-B146-CC32E0DDB446}.Debug|Any CPU.Build.0 = Debug|Any CPU
		{AD3C2158-5941-4C3D-B146-CC32E0DDB446}.Release|Any CPU.ActiveCfg = Release|Any CPU
		{AD3C2158-5941-4C3D-B146-CC32E0DDB446}.Release|Any CPU.Build.0 = Release|Any CPU
	EndGlobalSection
	GlobalSection(SolutionProperties) = preSolution
		HideSolutionNode = FALSE
	EndGlobalSection
	GlobalSection(ExtensibilityGlobals) = postSolution
		SolutionGuid = {B1FCEB9F-18DB-4A4C-A550-9AC9A4039DE2}
	EndGlobalSection
EndGlobal
